
Microsoft Visual Studio Solution File, Format Version 12.00
# Visual Studio 2013
VisualStudioVersion = 12.0.30501.0
MinimumVisualStudioVersion = 10.0.40219.1
Project("{FAE04EC0-301F-11D3-BF4B-00C04F79EFBC}") = "ContentConversion", "ContentConversion\ContentConversion\ContentConversion.csproj", "{6A2A1E6F-1F13-476D-BEFD-9616DA3ADBFD}"
EndProject
Project("{96E2B04D-8817-42C6-938A-82C39BA4D311}") = "ContentConversionContent", "ContentConversion\ContentConversionContent\ContentConversionContent.contentproj", "{DC803F49-D1BC-40E2-BF84-B7494772ABB1}"
EndProject
Global
	GlobalSection(SolutionConfigurationPlatforms) = preSolution
		Debug|x86 = Debug|x86
		Release|x86 = Release|x86
	EndGlobalSection
	GlobalSection(ProjectConfigurationPlatforms) = postSolution
		{6A2A1E6F-1F13-476D-BEFD-9616DA3ADBFD}.Debug|x86.ActiveCfg = Debug|x86
		{6A2A1E6F-1F13-476D-BEFD-9616DA3ADBFD}.Debug|x86.Build.0 = Debug|x86
		{6A2A1E6F-1F13-476D-BEFD-9616DA3ADBFD}.Release|x86.ActiveCfg = Release|x86
		{6A2A1E6F-1F13-476D-BEFD-9616DA3ADBFD}.Release|x86.Build.0 = Release|x86
		{DC803F49-D1BC-40E2-BF84-B7494772ABB1}.Debug|x86.ActiveCfg = Debug|x86
		{DC803F49-D1BC-40E2-BF84-B7494772ABB1}.Release|x86.ActiveCfg = Release|x86
	EndGlobalSection
	GlobalSection(SolutionProperties) = preSolution
		HideSolutionNode = FALSE
	EndGlobalSection
EndGlobal
